
Microsoft Visual Studio Solution File, Format Version 10.00
# Visual Studio 2008
Project("{8BC9CEB8-8B4A-11D0-8D11-00A0C91BC942}") = "ModulesCpp", "ModulesCpp\ModulesCpp.vcproj", "{9F69B51E-5874-4A2B-BA63-34F1FCCD3BCF}"
EndProject
Global
	GlobalSection(SolutionConfigurationPlatforms) = preSolution
		Debug|Win32 = Debug|Win32
		Release|Win32 = Release|Win32
	EndGlobalSection
	GlobalSection(ProjectConfigurationPlatforms) = postSolution
		{9F69B51E-5874-4A2B-BA63-34F1FCCD3BCF}.Debug|Win32.ActiveCfg = Debug|Win32
		{9F69B51E-5874-4A2B-BA63-34F1FCCD3BCF}.Debug|Win32.Build.0 = Debug|Win32
		{9F69B51E-5874-4A2B-BA63-34F1FCCD3BCF}.Release|Win32.ActiveCfg = Release|Win32
		{9F69B51E-5874-4A2B-BA63-34F1FCCD3BCF}.Release|Win32.Build.0 = Release|Win32
	EndGlobalSection
	GlobalSection(SolutionProperties) = preSolution
		HideSolutionNode = FALSE
	EndGlobalSection
EndGlobal
